# THIS IS AN AUTOGENERATED FILE. DO NOT EDIT THIS FILE DIRECTLY.
# yarn lockfile v1


boostrap@^2.0.0:
  version "2.0.0"
  resolved "https://registry.yarnpkg.com/boostrap/-/boostrap-2.0.0.tgz#f0a5256bc379c5da540564389e48e85e9ccff9fc"
  integrity sha512-JEeFMOweKeGXEM9rt95eaVISOkluG9aKcl0jQCETOVH9jynCZxuBZe2oWgcWJpj5wqYWZl625SnW7OgHT2Ineg==
